<?xml version="1.0" encoding="utf-8"?>
<Project ToolsVersion="4.0" xmlns="http://schemas.microsoft.com/developer/msbuild/2003">
  <ItemGroup>
    <Filter Include="Quelldateien">
      <UniqueIdentifier>{4FC737F1-C7A5-4376-A066-2A32D752A2FF}</UniqueIdentifier>
      <Extensions>cpp;c;cc;cxx;c++;cppm;ixx;def;odl;idl;hpj;bat;asm;asmx</Extensions>
    </Filter>
    <Filter Include="Headerdateien">
      <UniqueIdentifier>{93995380-89BD-4b04-88EB-625FBE52EBFB}</UniqueIdentifier>
      <Extensions>h;hh;hpp;hxx;h++;hm;inl;inc;ipp;xsd</Extensions>
    </Filter>
    <Filter Include="Ressourcendateien">
      <UniqueIdentifier>{67DA6AB6-F800-4c08-8B7A-83BB121AAD01}</UniqueIdentifier>
      <Extensions>rc;ico;cur;bmp;dlg;rc2;rct;bin;rgs;gif;jpg;jpeg;jpe;resx;tiff;tif;png;wav;mfcribbon-ms</Extensions>
    </Filter>
    <Filter Include="Quelldateien\Json">
      <UniqueIdentifier>{01f598bf-4a04-4d47-8f52-c29552e55662}</UniqueIdentifier>
    </Filter>
    <Filter Include="Quelldateien\File">
      <UniqueIdentifier>{43c44fd2-183a-4532-b308-87d87dd91ab1}</UniqueIdentifier>
    </Filter>
    <Filter Include="Headerdateien\Json">
      <UniqueIdentifier>{a7865b5f-6677-4237-bbe4-d4b76c866472}</UniqueIdentifier>
    </Filter>
    <Filter Include="Headerdateien\File">
      <UniqueIdentifier>{e8e13e02-0d2f-41b8-96ab-b081350db94e}</UniqueIdentifier>
    </Filter>
    <Filter Include="Headerdateien\Exception">
      <UniqueIdentifier>{06849c51-1b44-404a-81a4-723759700d3c}</UniqueIdentifier>
    </Filter>
    <Filter Include="Headerdateien\Exception\File">
      <UniqueIdentifier>{0163964c-e745-49a3-8c15-9d20d5d73680}</UniqueIdentifier>
    </Filter>
    <Filter Include="Headerdateien\Exception\Json">
      <UniqueIdentifier>{fd984f34-995f-4e5b-b140-a39b4780e9c4}</UniqueIdentifier>
    </Filter>
    <Filter Include="Headerdateien\logger">
      <UniqueIdentifier>{fd5690b1-0e5e-4c09-8e8a-b755690d4a67}</UniqueIdentifier>
    </Filter>
    <Filter Include="Quelldateien\logger">
      <UniqueIdentifier>{28216317-c115-4d1d-8fef-d50363311011}</UniqueIdentifier>
    </Filter>
    <Filter Include="Headerdateien\GUI">
      <UniqueIdentifier>{f3689754-d174-4bb9-a2e3-e40126740ac0}</UniqueIdentifier>
    </Filter>
    <Filter Include="Quelldateien\GUI">
      <UniqueIdentifier>{2b50770f-ee3f-4073-afc1-dc9679b0b0d2}</UniqueIdentifier>
    </Filter>
    <Filter Include="Headerdateien\Exception\GUI">
      <UniqueIdentifier>{d12b2100-f664-4e3c-832b-a98cc19c0165}</UniqueIdentifier>
    </Filter>
    <Filter Include="Quelldateien\GUI\Interface">
      <UniqueIdentifier>{34cf5333-30c5-413e-835b-78d3840a81ad}</UniqueIdentifier>
    </Filter>
    <Filter Include="Headerdateien\Exception\GUI\Interface">
      <UniqueIdentifier>{21377be3-d9e3-47fd-8d62-f2acb1df5d4c}</UniqueIdentifier>
    </Filter>
    <Filter Include="Headerdateien\GUI\Interface">
      <UniqueIdentifier>{64e63a82-b089-409b-9f84-4d8601548345}</UniqueIdentifier>
    </Filter>
    <Filter Include="Headerdateien\Event">
      <UniqueIdentifier>{b95a215f-27a5-418c-ac58-02b4e6d1c979}</UniqueIdentifier>
    </Filter>
    <Filter Include="Quelldateien\Event">
      <UniqueIdentifier>{acc7ae28-7f61-4454-99ae-4290a943b7f9}</UniqueIdentifier>
    </Filter>
    <Filter Include="Headerdateien\GUI\Events">
      <UniqueIdentifier>{f328d1fe-cc58-450d-910d-3ff535644db5}</UniqueIdentifier>
    </Filter>
    <Filter Include="Headerdateien\Event\Events">
      <UniqueIdentifier>{bce55ab0-cb80-49de-a0f6-86951e3fa9fc}</UniqueIdentifier>
    </Filter>
    <Filter Include="Headerdateien\time">
      <UniqueIdentifier>{a80acf72-2d7b-44c6-89fc-d663618ddbb0}</UniqueIdentifier>
    </Filter>
    <Filter Include="Quelldateien\time">
      <UniqueIdentifier>{0680e33a-16cc-4a7b-a122-a3963074f85d}</UniqueIdentifier>
    </Filter>
  </ItemGroup>
  <ItemGroup>
    <ClCompile Include="tests\main.cpp">
      <Filter>Quelldateien</Filter>
    </ClCompile>
    <ClCompile Include="src\json\JsonParser.cpp">
      <Filter>Quelldateien\Json</Filter>
    </ClCompile>
    <ClCompile Include="src\json\JsonObject.cpp">
      <Filter>Quelldateien\Json</Filter>
    </ClCompile>
    <ClCompile Include="src\json\JsonElement.cpp">
      <Filter>Quelldateien\Json</Filter>
    </ClCompile>
    <ClCompile Include="src\json\JsonArray.cpp">
      <Filter>Quelldateien\Json</Filter>
    </ClCompile>
    <ClCompile Include="src\json\Json.cpp">
      <Filter>Quelldateien\Json</Filter>
    </ClCompile>
    <ClCompile Include="src\file\File.cpp">
      <Filter>Quelldateien\File</Filter>
    </ClCompile>
    <ClCompile Include="src\RUtils.cpp">
      <Filter>Quelldateien</Filter>
    </ClCompile>
    <ClCompile Include="src\logger\Logger.cpp">
      <Filter>Quelldateien\logger</Filter>
    </ClCompile>
    <ClCompile Include="src\gui\Window_win.cpp">
      <Filter>Quelldateien\GUI</Filter>
    </ClCompile>
    <ClCompile Include="src\gui\Application.cpp">
      <Filter>Quelldateien\GUI</Filter>
    </ClCompile>
    <ClCompile Include="src\event\Event.cpp">
      <Filter>Quelldateien\Event</Filter>
    </ClCompile>
    <ClCompile Include="src\gui\interface\Interface.cpp">
      <Filter>Quelldateien\GUI\Interface</Filter>
    </ClCompile>
    <ClCompile Include="src\gui\Window.cpp">
      <Filter>Quelldateien\GUI</Filter>
    </ClCompile>
    <ClCompile Include="src\gui\Window_mac.cpp">
      <Filter>Quelldateien\GUI</Filter>
    </ClCompile>
    <ClCompile Include="src\gui\Window_linux.cpp">
      <Filter>Quelldateien\GUI</Filter>
    </ClCompile>
    <ClCompile Include="src\gui\Application_win.cpp">
      <Filter>Quelldateien\GUI</Filter>
    </ClCompile>
    <ClCompile Include="src\event\EventDispatcher.cpp">
      <Filter>Quelldateien\Event</Filter>
    </ClCompile>
    <ClCompile Include="src\time\TimeUtils.cpp">
      <Filter>Quelldateien\time</Filter>
    </ClCompile>
  </ItemGroup>
  <ItemGroup>
    <ClInclude Include="include\all.h">
      <Filter>Headerdateien</Filter>
    </ClInclude>
    <ClInclude Include="include\json\Json.h">
      <Filter>Headerdateien\Json</Filter>
    </ClInclude>
    <ClInclude Include="include\json\JsonArray.h">
      <Filter>Headerdateien\Json</Filter>
    </ClInclude>
    <ClInclude Include="include\json\JsonElement.h">
      <Filter>Headerdateien\Json</Filter>
    </ClInclude>
    <ClInclude Include="include\json\JsonObject.h">
      <Filter>Headerdateien\Json</Filter>
    </ClInclude>
    <ClInclude Include="include\json\JsonParser.h">
      <Filter>Headerdateien\Json</Filter>
    </ClInclude>
    <ClInclude Include="include\file\File.h">
      <Filter>Headerdateien\File</Filter>
    </ClInclude>
    <ClInclude Include="include\exception\Exception.h">
      <Filter>Headerdateien\Exception</Filter>
    </ClInclude>
    <ClInclude Include="include\exception\ExceptionMakro.h">
      <Filter>Headerdateien\Exception</Filter>
    </ClInclude>
    <ClInclude Include="include\exception\file\FileException.h">
      <Filter>Headerdateien\Exception\File</Filter>
    </ClInclude>
    <ClInclude Include="include\exception\json\JsonElementException.h">
      <Filter>Headerdateien\Exception\Json</Filter>
    </ClInclude>
    <ClInclude Include="include\exception\json\JsonObjectException.h">
      <Filter>Headerdateien\Exception\Json</Filter>
    </ClInclude>
    <ClInclude Include="include\exception\json\JsonArrayException.h">
      <Filter>Headerdateien\Exception\Json</Filter>
    </ClInclude>
    <ClInclude Include="include\exception\json\JsonParserException.h">
      <Filter>Headerdateien\Exception\Json</Filter>
    </ClInclude>
    <ClInclude Include="include\RUtils.h">
      <Filter>Headerdateien</Filter>
    </ClInclude>
    <ClInclude Include="include\logger\Logger.h">
      <Filter>Headerdateien\logger</Filter>
    </ClInclude>
    <ClInclude Include="include\gui\Application.h">
      <Filter>Headerdateien\GUI</Filter>
    </ClInclude>
    <ClInclude Include="include\gui\Window.h">
      <Filter>Headerdateien\GUI</Filter>
    </ClInclude>
    <ClInclude Include="include\exception\gui\WindowException.h">
      <Filter>Headerdateien\Exception\GUI</Filter>
    </ClInclude>
    <ClInclude Include="include\exception\gui\WindowApplicationException.h">
      <Filter>Headerdateien\Exception\GUI</Filter>
    </ClInclude>
    <ClInclude Include="include\exception\ExceptionInclude.h">
      <Filter>Headerdateien\Exception</Filter>
    </ClInclude>
    <ClInclude Include="include\event\Event.h">
      <Filter>Headerdateien\Event</Filter>
    </ClInclude>
    <ClInclude Include="include\gui\interface\Interface.h">
      <Filter>Headerdateien\GUI\Interface</Filter>
    </ClInclude>
    <ClInclude Include="include\logger\LoggerMakro.h">
      <Filter>Headerdateien\logger</Filter>
    </ClInclude>
    <ClInclude Include="include\gui\events\ApplicationEvents.h">
      <Filter>Headerdateien\GUI\Events</Filter>
    </ClInclude>
    <ClInclude Include="include\gui\events\WindowEvents.h">
      <Filter>Headerdateien\GUI\Events</Filter>
    </ClInclude>
    <ClInclude Include="include\event\events\InputEvents.h">
      <Filter>Headerdateien\Event\Events</Filter>
    </ClInclude>
    <ClInclude Include="include\event\IEventListener.h">
      <Filter>Headerdateien\Event</Filter>
    </ClInclude>
    <ClInclude Include="include\event\EventDispatcher.h">
      <Filter>Headerdateien\Event</Filter>
    </ClInclude>
    <ClInclude Include="include\time\TimeUtils.h">
      <Filter>Headerdateien\time</Filter>
    </ClInclude>
  </ItemGroup>
  <ItemGroup>
    <None Include="cpp.hint" />
  </ItemGroup>
</Project>